
Microsoft Visual Studio Solution File, Format Version 12.00
# Visual Studio Version 17
VisualStudioVersion = 17.11.35312.102
MinimumVisualStudioVersion = 10.0.40219.1
Project("{9A19103F-16F7-4668-BE54-9A1E7A4F7556}") = "Exeption handling", "Exeption handling.csproj", "{9F2A1864-8DE5-4D6C-B5F6-C4CA5CEB265F}"
EndProject
Project("{FAE04EC0-301F-11D3-BF4B-00C04F79EFBC}") = "null exception", "..\null exception\null exception.csproj", "{FAEF2027-DCE8-4754-BDF3-B1EEEEE76E32}"
EndProject
Project("{FAE04EC0-301F-11D3-BF4B-00C04F79EFBC}") = "Format exception", "..\Format exception\Format exception.csproj", "{FBA2354A-7D50-4797-A65D-9F29E5A4F0FF}"
EndProject
Project("{FAE04EC0-301F-11D3-BF4B-00C04F79EFBC}") = "out of bound", "..\out of bound\out of bound.csproj", "{52EA9990-8630-4E36-8056-C111AC4198BB}"
EndProject
Project("{FAE04EC0-301F-11D3-BF4B-00C04F79EFBC}") = "overflow", "..\overflow\overflow.csproj", "{048D8480-58A2-41F4-99ED-AD4BEA9281AD}"
EndProject
Global
	GlobalSection(SolutionConfigurationPlatforms) = preSolution
		Debug|Any CPU = Debug|Any CPU
		Release|Any CPU = Release|Any CPU
	EndGlobalSection
	GlobalSection(ProjectConfigurationPlatforms) = postSolution
		{9F2A1864-8DE5-4D6C-B5F6-C4CA5CEB265F}.Debug|Any CPU.ActiveCfg = Debug|Any CPU
		{9F2A1864-8DE5-4D6C-B5F6-C4CA5CEB265F}.Debug|Any CPU.Build.0 = Debug|Any CPU
		{9F2A1864-8DE5-4D6C-B5F6-C4CA5CEB265F}.Release|Any CPU.ActiveCfg = Release|Any CPU
		{9F2A1864-8DE5-4D6C-B5F6-C4CA5CEB265F}.Release|Any CPU.Build.0 = Release|Any CPU
		{FAEF2027-DCE8-4754-BDF3-B1EEEEE76E32}.Debug|Any CPU.ActiveCfg = Debug|Any CPU
		{FAEF2027-DCE8-4754-BDF3-B1EEEEE76E32}.Debug|Any CPU.Build.0 = Debug|Any CPU
		{FAEF2027-DCE8-4754-BDF3-B1EEEEE76E32}.Release|Any CPU.ActiveCfg = Release|Any CPU
		{FAEF2027-DCE8-4754-BDF3-B1EEEEE76E32}.Release|Any CPU.Build.0 = Release|Any CPU
		{FBA2354A-7D50-4797-A65D-9F29E5A4F0FF}.Debug|Any CPU.ActiveCfg = Debug|Any CPU
		{FBA2354A-7D50-4797-A65D-9F29E5A4F0FF}.Debug|Any CPU.Build.0 = Debug|Any CPU
		{FBA2354A-7D50-4797-A65D-9F29E5A4F0FF}.Release|Any CPU.ActiveCfg = Release|Any CPU
		{FBA2354A-7D50-4797-A65D-9F29E5A4F0FF}.Release|Any CPU.Build.0 = Release|Any CPU
		{52EA9990-8630-4E36-8056-C111AC4198BB}.Debug|Any CPU.ActiveCfg = Debug|Any CPU
		{52EA9990-8630-4E36-8056-C111AC4198BB}.Debug|Any CPU.Build.0 = Debug|Any CPU
		{52EA9990-8630-4E36-8056-C111AC4198BB}.Release|Any CPU.ActiveCfg = Release|Any CPU
		{52EA9990-8630-4E36-8056-C111AC4198BB}.Release|Any CPU.Build.0 = Release|Any CPU
		{048D8480-58A2-41F4-99ED-AD4BEA9281AD}.Debug|Any CPU.ActiveCfg = Debug|Any CPU
		{048D8480-58A2-41F4-99ED-AD4BEA9281AD}.Debug|Any CPU.Build.0 = Debug|Any CPU
		{048D8480-58A2-41F4-99ED-AD4BEA9281AD}.Release|Any CPU.ActiveCfg = Release|Any CPU
		{048D8480-58A2-41F4-99ED-AD4BEA9281AD}.Release|Any CPU.Build.0 = Release|Any CPU
	EndGlobalSection
	GlobalSection(SolutionProperties) = preSolution
		HideSolutionNode = FALSE
	EndGlobalSection
	GlobalSection(ExtensibilityGlobals) = postSolution
		SolutionGuid = {44E1E346-9B27-4614-B4B0-3AB0DF799C0F}
	EndGlobalSection
EndGlobal
